
Microsoft Visual Studio Solution File, Format Version 12.00
# Visual Studio Version 17
VisualStudioVersion = 17.4.33122.133
MinimumVisualStudioVersion = 10.0.40219.1
Project("{FAE04EC0-301F-11D3-BF4B-00C04F79EFBC}") = "WebApplication", "WebApplication\WebApplication.csproj", "{A93A952D-25D4-485B-8693-B77B135EE8FB}"
EndProject
Global
	GlobalSection(SolutionConfigurationPlatforms) = preSolution
		Debug|Any CPU = Debug|Any CPU
		Release|Any CPU = Release|Any CPU
	EndGlobalSection
	GlobalSection(ProjectConfigurationPlatforms) = postSolution
		{A93A952D-25D4-485B-8693-B77B135EE8FB}.Debug|Any CPU.ActiveCfg = Debug|Any CPU
		{A93A952D-25D4-485B-8693-B77B135EE8FB}.Debug|Any CPU.Build.0 = Debug|Any CPU
		{A93A952D-25D4-485B-8693-B77B135EE8FB}.Release|Any CPU.ActiveCfg = Release|Any CPU
		{A93A952D-25D4-485B-8693-B77B135EE8FB}.Release|Any CPU.Build.0 = Release|Any CPU
	EndGlobalSection
	GlobalSection(SolutionProperties) = preSolution
		HideSolutionNode = FALSE
	EndGlobalSection
	GlobalSection(ExtensibilityGlobals) = postSolution
		SolutionGuid = {5C1D1DB1-FFA7-42DB-9C5B-D524B7376A2F}
	EndGlobalSection
EndGlobal
